
Microsoft Visual Studio Solution File, Format Version 12.00
# Visual Studio Version 16
VisualStudioVersion = 16.0.31019.35
MinimumVisualStudioVersion = 10.0.40219.1
Project("{FAE04EC0-301F-11D3-BF4B-00C04F79EFBC}") = "WindowsFormsApplication", "WindowsFormsApplication\WindowsFormsApplication.csproj", "{347A9F62-D5D5-4AA3-8BBD-7D77DE828A1F}"
EndProject
Project("{FAE04EC0-301F-11D3-BF4B-00C04F79EFBC}") = "FacultyAssembly", "FacultyAssembly\FacultyAssembly.csproj", "{A3CACB37-309C-49F0-8327-069ACAB35BAF}"
EndProject
Global
	GlobalSection(SolutionConfigurationPlatforms) = preSolution
		Debug|Any CPU = Debug|Any CPU
		Release|Any CPU = Release|Any CPU
	EndGlobalSection
	GlobalSection(ProjectConfigurationPlatforms) = postSolution
		{347A9F62-D5D5-4AA3-8BBD-7D77DE828A1F}.Debug|Any CPU.ActiveCfg = Debug|Any CPU
		{347A9F62-D5D5-4AA3-8BBD-7D77DE828A1F}.Debug|Any CPU.Build.0 = Debug|Any CPU
		{347A9F62-D5D5-4AA3-8BBD-7D77DE828A1F}.Release|Any CPU.ActiveCfg = Release|Any CPU
		{347A9F62-D5D5-4AA3-8BBD-7D77DE828A1F}.Release|Any CPU.Build.0 = Release|Any CPU
		{A3CACB37-309C-49F0-8327-069ACAB35BAF}.Debug|Any CPU.ActiveCfg = Debug|Any CPU
		{A3CACB37-309C-49F0-8327-069ACAB35BAF}.Debug|Any CPU.Build.0 = Debug|Any CPU
		{A3CACB37-309C-49F0-8327-069ACAB35BAF}.Release|Any CPU.ActiveCfg = Release|Any CPU
		{A3CACB37-309C-49F0-8327-069ACAB35BAF}.Release|Any CPU.Build.0 = Release|Any CPU
	EndGlobalSection
	GlobalSection(SolutionProperties) = preSolution
		HideSolutionNode = FALSE
	EndGlobalSection
	GlobalSection(ExtensibilityGlobals) = postSolution
		SolutionGuid = {2B2D4892-C0D1-40E0-8FC6-F66972FC304E}
	EndGlobalSection
EndGlobal
